
Microsoft Visual Studio Solution File, Format Version 12.00
# Visual Studio Version 17
VisualStudioVersion = 17.0.31903.59
MinimumVisualStudioVersion = 10.0.40219.1
Project("{FAE04EC0-301F-11D3-BF4B-00C04F79EFBC}") = "FirstCourseTask", "FirstCourseTask\FirstCourseTask.csproj", "{4BFAC6CA-634B-4771-8E89-A2814459345B}"
EndProject
Project("{FAE04EC0-301F-11D3-BF4B-00C04F79EFBC}") = "FirstCourseTask.Core", "FirstCourseTask.Core\FirstCourseTask.Core.csproj", "{CE7667A2-2642-45B6-A83A-8F9655A08324}"
EndProject
Project("{FAE04EC0-301F-11D3-BF4B-00C04F79EFBC}") = "FirstCourseTask.Domain", "FirstCourseTask.Domain\FirstCourseTask.Domain.csproj", "{C8E695B1-2788-4EFD-8E11-3361683D177F}"
EndProject
Project("{FAE04EC0-301F-11D3-BF4B-00C04F79EFBC}") = "FirstCourseTask.Infrastructure", "FirstCourseTask.Infrastructure\FirstCourseTask.Infrastructure.csproj", "{55FE8A26-58BF-4856-AA51-88F36B9A1A20}"
EndProject
Global
	GlobalSection(SolutionConfigurationPlatforms) = preSolution
		Debug|Any CPU = Debug|Any CPU
		Debug|x64 = Debug|x64
		Debug|x86 = Debug|x86
		Release|Any CPU = Release|Any CPU
		Release|x64 = Release|x64
		Release|x86 = Release|x86
	EndGlobalSection
	GlobalSection(ProjectConfigurationPlatforms) = postSolution
		{4BFAC6CA-634B-4771-8E89-A2814459345B}.Debug|Any CPU.ActiveCfg = Debug|Any CPU
		{4BFAC6CA-634B-4771-8E89-A2814459345B}.Debug|Any CPU.Build.0 = Debug|Any CPU
		{4BFAC6CA-634B-4771-8E89-A2814459345B}.Debug|x64.ActiveCfg = Debug|Any CPU
		{4BFAC6CA-634B-4771-8E89-A2814459345B}.Debug|x64.Build.0 = Debug|Any CPU
		{4BFAC6CA-634B-4771-8E89-A2814459345B}.Debug|x86.ActiveCfg = Debug|Any CPU
		{4BFAC6CA-634B-4771-8E89-A2814459345B}.Debug|x86.Build.0 = Debug|Any CPU
		{4BFAC6CA-634B-4771-8E89-A2814459345B}.Release|Any CPU.ActiveCfg = Release|Any CPU
		{4BFAC6CA-634B-4771-8E89-A2814459345B}.Release|Any CPU.Build.0 = Release|Any CPU
		{4BFAC6CA-634B-4771-8E89-A2814459345B}.Release|x64.ActiveCfg = Release|Any CPU
		{4BFAC6CA-634B-4771-8E89-A2814459345B}.Release|x64.Build.0 = Release|Any CPU
		{4BFAC6CA-634B-4771-8E89-A2814459345B}.Release|x86.ActiveCfg = Release|Any CPU
		{4BFAC6CA-634B-4771-8E89-A2814459345B}.Release|x86.Build.0 = Release|Any CPU
		{CE7667A2-2642-45B6-A83A-8F9655A08324}.Debug|Any CPU.ActiveCfg = Debug|Any CPU
		{CE7667A2-2642-45B6-A83A-8F9655A08324}.Debug|Any CPU.Build.0 = Debug|Any CPU
		{CE7667A2-2642-45B6-A83A-8F9655A08324}.Debug|x64.ActiveCfg = Debug|Any CPU
		{CE7667A2-2642-45B6-A83A-8F9655A08324}.Debug|x64.Build.0 = Debug|Any CPU
		{CE7667A2-2642-45B6-A83A-8F9655A08324}.Debug|x86.ActiveCfg = Debug|Any CPU
		{CE7667A2-2642-45B6-A83A-8F9655A08324}.Debug|x86.Build.0 = Debug|Any CPU
		{CE7667A2-2642-45B6-A83A-8F9655A08324}.Release|Any CPU.ActiveCfg = Release|Any CPU
		{CE7667A2-2642-45B6-A83A-8F9655A08324}.Release|Any CPU.Build.0 = Release|Any CPU
		{CE7667A2-2642-45B6-A83A-8F9655A08324}.Release|x64.ActiveCfg = Release|Any CPU
		{CE7667A2-2642-45B6-A83A-8F9655A08324}.Release|x64.Build.0 = Release|Any CPU
		{CE7667A2-2642-45B6-A83A-8F9655A08324}.Release|x86.ActiveCfg = Release|Any CPU
		{CE7667A2-2642-45B6-A83A-8F9655A08324}.Release|x86.Build.0 = Release|Any CPU
		{C8E695B1-2788-4EFD-8E11-3361683D177F}.Debug|Any CPU.ActiveCfg = Debug|Any CPU
		{C8E695B1-2788-4EFD-8E11-3361683D177F}.Debug|Any CPU.Build.0 = Debug|Any CPU
		{C8E695B1-2788-4EFD-8E11-3361683D177F}.Debug|x64.ActiveCfg = Debug|Any CPU
		{C8E695B1-2788-4EFD-8E11-3361683D177F}.Debug|x64.Build.0 = Debug|Any CPU
		{C8E695B1-2788-4EFD-8E11-3361683D177F}.Debug|x86.ActiveCfg = Debug|Any CPU
		{C8E695B1-2788-4EFD-8E11-3361683D177F}.Debug|x86.Build.0 = Debug|Any CPU
		{C8E695B1-2788-4EFD-8E11-3361683D177F}.Release|Any CPU.ActiveCfg = Release|Any CPU
		{C8E695B1-2788-4EFD-8E11-3361683D177F}.Release|Any CPU.Build.0 = Release|Any CPU
		{C8E695B1-2788-4EFD-8E11-3361683D177F}.Release|x64.ActiveCfg = Release|Any CPU
		{C8E695B1-2788-4EFD-8E11-3361683D177F}.Release|x64.Build.0 = Release|Any CPU
		{C8E695B1-2788-4EFD-8E11-3361683D177F}.Release|x86.ActiveCfg = Release|Any CPU
		{C8E695B1-2788-4EFD-8E11-3361683D177F}.Release|x86.Build.0 = Release|Any CPU
		{55FE8A26-58BF-4856-AA51-88F36B9A1A20}.Debug|Any CPU.ActiveCfg = Debug|Any CPU
		{55FE8A26-58BF-4856-AA51-88F36B9A1A20}.Debug|Any CPU.Build.0 = Debug|Any CPU
		{55FE8A26-58BF-4856-AA51-88F36B9A1A20}.Debug|x64.ActiveCfg = Debug|Any CPU
		{55FE8A26-58BF-4856-AA51-88F36B9A1A20}.Debug|x64.Build.0 = Debug|Any CPU
		{55FE8A26-58BF-4856-AA51-88F36B9A1A20}.Debug|x86.ActiveCfg = Debug|Any CPU
		{55FE8A26-58BF-4856-AA51-88F36B9A1A20}.Debug|x86.Build.0 = Debug|Any CPU
		{55FE8A26-58BF-4856-AA51-88F36B9A1A20}.Release|Any CPU.ActiveCfg = Release|Any CPU
		{55FE8A26-58BF-4856-AA51-88F36B9A1A20}.Release|Any CPU.Build.0 = Release|Any CPU
		{55FE8A26-58BF-4856-AA51-88F36B9A1A20}.Release|x64.ActiveCfg = Release|Any CPU
		{55FE8A26-58BF-4856-AA51-88F36B9A1A20}.Release|x64.Build.0 = Release|Any CPU
		{55FE8A26-58BF-4856-AA51-88F36B9A1A20}.Release|x86.ActiveCfg = Release|Any CPU
		{55FE8A26-58BF-4856-AA51-88F36B9A1A20}.Release|x86.Build.0 = Release|Any CPU
	EndGlobalSection
	GlobalSection(SolutionProperties) = preSolution
		HideSolutionNode = FALSE
	EndGlobalSection
EndGlobal
